
Microsoft Visual Studio Solution File, Format Version 12.00
# Visual Studio 15
VisualStudioVersion = 15.0.27130.2010
MinimumVisualStudioVersion = 10.0.40219.1
Project("{FAE04EC0-301F-11D3-BF4B-00C04F79EFBC}") = "SistemaDemoServicios", "SistemaDemoServicios\SistemaDemoServicios.csproj", "{06FDD065-F71B-49B5-8CCE-A1C8F5118B80}"
EndProject
Global
	GlobalSection(SolutionConfigurationPlatforms) = preSolution
		Debug|Any CPU = Debug|Any CPU
		Release|Any CPU = Release|Any CPU
	EndGlobalSection
	GlobalSection(ProjectConfigurationPlatforms) = postSolution
		{06FDD065-F71B-49B5-8CCE-A1C8F5118B80}.Debug|Any CPU.ActiveCfg = Debug|Any CPU
		{06FDD065-F71B-49B5-8CCE-A1C8F5118B80}.Debug|Any CPU.Build.0 = Debug|Any CPU
		{06FDD065-F71B-49B5-8CCE-A1C8F5118B80}.Release|Any CPU.ActiveCfg = Release|Any CPU
		{06FDD065-F71B-49B5-8CCE-A1C8F5118B80}.Release|Any CPU.Build.0 = Release|Any CPU
	EndGlobalSection
	GlobalSection(SolutionProperties) = preSolution
		HideSolutionNode = FALSE
	EndGlobalSection
	GlobalSection(ExtensibilityGlobals) = postSolution
		SolutionGuid = {AB59FE53-7222-4AE6-B392-968A7D2DC23E}
	EndGlobalSection
EndGlobal
